<?xml version="1.0" encoding="utf-8"?>
<Project ToolsVersion="4.0" xmlns="http://schemas.microsoft.com/developer/msbuild/2003">
  <ItemGroup>
    <Filter Include="源文件">
      <UniqueIdentifier>{4FC737F1-C7A5-4376-A066-2A32D752A2FF}</UniqueIdentifier>
      <Extensions>cpp;c;cc;cxx;def;odl;idl;hpj;bat;asm;asmx</Extensions>
    </Filter>
    <Filter Include="头文件">
      <UniqueIdentifier>{93995380-89BD-4b04-88EB-625FBE52EBFB}</UniqueIdentifier>
      <Extensions>h;hh;hpp;hxx;hm;inl;inc;xsd</Extensions>
    </Filter>
    <Filter Include="源文件\render">
      <UniqueIdentifier>{a5b0682e-9e2b-4a70-8cfe-2b18918c02c8}</UniqueIdentifier>
    </Filter>
    <Filter Include="源文件\scene">
      <UniqueIdentifier>{f132b091-4288-4664-b9e5-cc670bdf803b}</UniqueIdentifier>
    </Filter>
    <Filter Include="源文件\input">
      <UniqueIdentifier>{e1de6edf-41f7-43fe-84ec-4a376ecdde42}</UniqueIdentifier>
    </Filter>
  </ItemGroup>
  <ItemGroup>
    <ClInclude Include="include\g2dengine.h">
      <Filter>头文件</Filter>
    </ClInclude>
    <ClInclude Include="include\g2dconfig.h">
      <Filter>头文件</Filter>
    </ClInclude>
    <ClInclude Include="source\engine.h">
      <Filter>源文件</Filter>
    </ClInclude>
    <ClInclude Include="include\g2drender.h">
      <Filter>头文件</Filter>
    </ClInclude>
    <ClInclude Include="include\g2dscene.h">
      <Filter>头文件</Filter>
    </ClInclude>
    <ClInclude Include="source\render_system.h">
      <Filter>源文件\render</Filter>
    </ClInclude>
    <ClInclude Include="source\scene.h">
      <Filter>源文件\scene</Filter>
    </ClInclude>
    <ClInclude Include="source\entity.h">
      <Filter>源文件\scene</Filter>
    </ClInclude>
    <ClInclude Include="source\spatial_graph.h">
      <Filter>源文件\scene</Filter>
    </ClInclude>
    <ClInclude Include="source\inner_utility.h">
      <Filter>源文件</Filter>
    </ClInclude>
    <ClInclude Include="source\scope_utility.h">
      <Filter>源文件</Filter>
    </ClInclude>
    <ClInclude Include="include\g2dinput.h">
      <Filter>头文件</Filter>
    </ClInclude>
    <ClInclude Include="source\input.h">
      <Filter>源文件\input</Filter>
    </ClInclude>
    <ClInclude Include="include\g2dmessage.h">
      <Filter>头文件</Filter>
    </ClInclude>
  </ItemGroup>
  <ItemGroup>
    <ClCompile Include="source\engine.cpp">
      <Filter>源文件</Filter>
    </ClCompile>
    <ClCompile Include="source\render_system.cpp">
      <Filter>源文件\render</Filter>
    </ClCompile>
    <ClCompile Include="source\mesh.cpp">
      <Filter>源文件\render</Filter>
    </ClCompile>
    <ClCompile Include="source\shader.cpp">
      <Filter>源文件\render</Filter>
    </ClCompile>
    <ClCompile Include="source\texture.cpp">
      <Filter>源文件\render</Filter>
    </ClCompile>
    <ClCompile Include="source\scene.cpp">
      <Filter>源文件\scene</Filter>
    </ClCompile>
    <ClCompile Include="source\entity.cpp">
      <Filter>源文件\scene</Filter>
    </ClCompile>
    <ClCompile Include="source\spatial_graph.cpp">
      <Filter>源文件\scene</Filter>
    </ClCompile>
    <ClCompile Include="source\message_win32.cpp">
      <Filter>源文件\input</Filter>
    </ClCompile>
    <ClCompile Include="source\scene_node.cpp">
      <Filter>源文件\scene</Filter>
    </ClCompile>
    <ClCompile Include="source\input.cpp">
      <Filter>源文件\input</Filter>
    </ClCompile>
    <ClCompile Include="source\message.cpp">
      <Filter>源文件\input</Filter>
    </ClCompile>
  </ItemGroup>
</Project>